
Microsoft Visual Studio Solution File, Format Version 12.00
# Visual Studio Version 17
VisualStudioVersion = 17.3.32901.215
MinimumVisualStudioVersion = 10.0.40219.1
Project("{FAE04EC0-301F-11D3-BF4B-00C04F79EFBC}") = "LabelingNumbers", "LabelingNumbers\LabelingNumbers.csproj", "{3EF6A1D3-ED03-4CCC-9A5E-C93F27224C01}"
EndProject
Global
	GlobalSection(SolutionConfigurationPlatforms) = preSolution
		Debug|Any CPU = Debug|Any CPU
		Release|Any CPU = Release|Any CPU
	EndGlobalSection
	GlobalSection(ProjectConfigurationPlatforms) = postSolution
		{3EF6A1D3-ED03-4CCC-9A5E-C93F27224C01}.Debug|Any CPU.ActiveCfg = Debug|Any CPU
		{3EF6A1D3-ED03-4CCC-9A5E-C93F27224C01}.Debug|Any CPU.Build.0 = Debug|Any CPU
		{3EF6A1D3-ED03-4CCC-9A5E-C93F27224C01}.Release|Any CPU.ActiveCfg = Release|Any CPU
		{3EF6A1D3-ED03-4CCC-9A5E-C93F27224C01}.Release|Any CPU.Build.0 = Release|Any CPU
	EndGlobalSection
	GlobalSection(SolutionProperties) = preSolution
		HideSolutionNode = FALSE
	EndGlobalSection
	GlobalSection(ExtensibilityGlobals) = postSolution
		SolutionGuid = {82F8DFD8-3699-4F83-9C1D-4AF16B5CD214}
	EndGlobalSection
EndGlobal
